
Microsoft Visual Studio Solution File, Format Version 12.00
# Visual Studio 15
Project("{FAE04EC0-301F-11D3-BF4B-00C04F79EFBC}") = "Assembly-CSharp", "Assembly-CSharp.csproj", "{E2291CBA-85BE-5814-7B7A-B1852A14583F}"
EndProject
Project("{FAE04EC0-301F-11D3-BF4B-00C04F79EFBC}") = "Assembly-CSharp-Editor", "Assembly-CSharp-Editor.csproj", "{3D7E36E2-F788-7283-312C-253DEB4D58F5}"
EndProject
Global
	GlobalSection(SolutionConfigurationPlatforms) = preSolution
		Debug|Any CPU = Debug|Any CPU
		Release|Any CPU = Release|Any CPU
	EndGlobalSection
	GlobalSection(ProjectConfigurationPlatforms) = postSolution
		{E2291CBA-85BE-5814-7B7A-B1852A14583F}.Debug|Any CPU.ActiveCfg = Debug|Any CPU
		{E2291CBA-85BE-5814-7B7A-B1852A14583F}.Debug|Any CPU.Build.0 = Debug|Any CPU
		{E2291CBA-85BE-5814-7B7A-B1852A14583F}.Release|Any CPU.ActiveCfg = Release|Any CPU
		{E2291CBA-85BE-5814-7B7A-B1852A14583F}.Release|Any CPU.Build.0 = Release|Any CPU
		{3D7E36E2-F788-7283-312C-253DEB4D58F5}.Debug|Any CPU.ActiveCfg = Debug|Any CPU
		{3D7E36E2-F788-7283-312C-253DEB4D58F5}.Debug|Any CPU.Build.0 = Debug|Any CPU
		{3D7E36E2-F788-7283-312C-253DEB4D58F5}.Release|Any CPU.ActiveCfg = Release|Any CPU
		{3D7E36E2-F788-7283-312C-253DEB4D58F5}.Release|Any CPU.Build.0 = Release|Any CPU
	EndGlobalSection
	GlobalSection(SolutionProperties) = preSolution
		HideSolutionNode = FALSE
	EndGlobalSection
EndGlobal
